
Microsoft Visual Studio Solution File, Format Version 12.00
Project("{FAE04EC0-301F-11D3-BF4B-00C04F79EFBC}") = "Tarea 0", "Tarea 0\Tarea 0.csproj", "{FE1304F5-7769-4623-B85A-F9DC3E74B51A}"
EndProject
Global
	GlobalSection(SolutionConfigurationPlatforms) = preSolution
		Debug|Any CPU = Debug|Any CPU
		Release|Any CPU = Release|Any CPU
	EndGlobalSection
	GlobalSection(ProjectConfigurationPlatforms) = postSolution
		{FE1304F5-7769-4623-B85A-F9DC3E74B51A}.Debug|Any CPU.ActiveCfg = Debug|Any CPU
		{FE1304F5-7769-4623-B85A-F9DC3E74B51A}.Debug|Any CPU.Build.0 = Debug|Any CPU
		{FE1304F5-7769-4623-B85A-F9DC3E74B51A}.Release|Any CPU.ActiveCfg = Release|Any CPU
		{FE1304F5-7769-4623-B85A-F9DC3E74B51A}.Release|Any CPU.Build.0 = Release|Any CPU
	EndGlobalSection
EndGlobal
